
Microsoft Visual Studio Solution File, Format Version 12.00
# Visual Studio Version 16
VisualStudioVersion = 16.0.29001.49
MinimumVisualStudioVersion = 10.0.40219.1
Project("{FAE04EC0-301F-11D3-BF4B-00C04F79EFBC}") = "Maverick.Azure.ApplicationInsightsManager", "Maverick.Azure.ApplicationInsightsManager\Maverick.Azure.ApplicationInsightsManager.csproj", "{F5C095DA-00E6-426E-88F7-A17CC99A3C96}"
EndProject
Global
	GlobalSection(SolutionConfigurationPlatforms) = preSolution
		Debug|Any CPU = Debug|Any CPU
		Release|Any CPU = Release|Any CPU
	EndGlobalSection
	GlobalSection(ProjectConfigurationPlatforms) = postSolution
		{F5C095DA-00E6-426E-88F7-A17CC99A3C96}.Debug|Any CPU.ActiveCfg = Debug|Any CPU
		{F5C095DA-00E6-426E-88F7-A17CC99A3C96}.Debug|Any CPU.Build.0 = Debug|Any CPU
		{F5C095DA-00E6-426E-88F7-A17CC99A3C96}.Release|Any CPU.ActiveCfg = Release|Any CPU
		{F5C095DA-00E6-426E-88F7-A17CC99A3C96}.Release|Any CPU.Build.0 = Release|Any CPU
	EndGlobalSection
	GlobalSection(SolutionProperties) = preSolution
		HideSolutionNode = FALSE
	EndGlobalSection
	GlobalSection(ExtensibilityGlobals) = postSolution
		SolutionGuid = {F775E0CB-5057-44C3-9829-69024C80C7A4}
	EndGlobalSection
EndGlobal
